
Microsoft Visual Studio Solution File, Format Version 12.00
# Visual Studio Version 17
VisualStudioVersion = 17.6.33723.286
MinimumVisualStudioVersion = 10.0.40219.1
Project("{FAE04EC0-301F-11D3-BF4B-00C04F79EFBC}") = "RatBotV3", "RatBotV3.csproj", "{4BEA3D65-5E05-4F24-A8B0-D29381A65869}"
EndProject
Global
	GlobalSection(SolutionConfigurationPlatforms) = preSolution
		Debug|Any CPU = Debug|Any CPU
		Release|Any CPU = Release|Any CPU
	EndGlobalSection
	GlobalSection(ProjectConfigurationPlatforms) = postSolution
		{4BEA3D65-5E05-4F24-A8B0-D29381A65869}.Debug|Any CPU.ActiveCfg = Debug|Any CPU
		{4BEA3D65-5E05-4F24-A8B0-D29381A65869}.Debug|Any CPU.Build.0 = Debug|Any CPU
		{4BEA3D65-5E05-4F24-A8B0-D29381A65869}.Release|Any CPU.ActiveCfg = Release|Any CPU
		{4BEA3D65-5E05-4F24-A8B0-D29381A65869}.Release|Any CPU.Build.0 = Release|Any CPU
	EndGlobalSection
	GlobalSection(SolutionProperties) = preSolution
		HideSolutionNode = FALSE
	EndGlobalSection
	GlobalSection(ExtensibilityGlobals) = postSolution
		SolutionGuid = {00FCD92E-DD13-47A3-B5D0-61D555543D29}
	EndGlobalSection
EndGlobal
